// !$*UTF8*$!
{
	archiveVersion = 1;
	classes = {
	};
	objectVersion = 55;
	objects = {

/* Begin PBXBuildFile section */
		A9022E1A27C1F8C400E01F1D /* AppDelegate.swift in Sources */ = {isa = PBXBuildFile; fileRef = A9022E1927C1F8C400E01F1D /* AppDelegate.swift */; };
		A9022E1C27C1F8C400E01F1D /* SceneDelegate.swift in Sources */ = {isa = PBXBuildFile; fileRef = A9022E1B27C1F8C400E01F1D /* SceneDelegate.swift */; };
		A9022E1E27C1F8C400E01F1D /* HomeViewController.swift in Sources */ = {isa = PBXBuildFile; fileRef = A9022E1D27C1F8C400E01F1D /* HomeViewController.swift */; };
		A9022E2127C1F8C400E01F1D /* Main.storyboard in Resources */ = {isa = PBXBuildFile; fileRef = A9022E1F27C1F8C400E01F1D /* Main.storyboard */; };
		A9022E2327C1F8C400E01F1D /* Assets.xcassets in Resources */ = {isa = PBXBuildFile; fileRef = A9022E2227C1F8C400E01F1D /* Assets.xcassets */; };
		A9022E2627C1F8C400E01F1D /* LaunchScreen.storyboard in Resources */ = {isa = PBXBuildFile; fileRef = A9022E2427C1F8C400E01F1D /* LaunchScreen.storyboard */; };
		A9022E2E27C219A900E01F1D /* Setting.swift in Sources */ = {isa = PBXBuildFile; fileRef = A9022E2D27C219A900E01F1D /* Setting.swift */; };
		A9022E3027C222DB00E01F1D /* HomeTableViewModel.swift in Sources */ = {isa = PBXBuildFile; fileRef = A9022E2F27C222DB00E01F1D /* HomeTableViewModel.swift */; };
		A9022E3827C224F700E01F1D /* 홈2.png in Resources */ = {isa = PBXBuildFile; fileRef = A9022E3427C224F700E01F1D /* 홈2.png */; };
		A9022E3927C224F700E01F1D /* 홈3.png in Resources */ = {isa = PBXBuildFile; fileRef = A9022E3527C224F700E01F1D /* 홈3.png */; };
		A9022E3A27C224F700E01F1D /* 홈4.png in Resources */ = {isa = PBXBuildFile; fileRef = A9022E3627C224F700E01F1D /* 홈4.png */; };
		A9022E3B27C224F700E01F1D /* 홈1.png in Resources */ = {isa = PBXBuildFile; fileRef = A9022E3727C224F700E01F1D /* 홈1.png */; };
		A9022E4827C235D600E01F1D /* HomeTableViewCell.swift in Sources */ = {isa = PBXBuildFile; fileRef = A9022E4627C235D600E01F1D /* HomeTableViewCell.swift */; };
		A9022E4927C235D600E01F1D /* HomeTableViewCell.xib in Resources */ = {isa = PBXBuildFile; fileRef = A9022E4727C235D600E01F1D /* HomeTableViewCell.xib */; };
		A9022E4C27C2395F00E01F1D /* 홈5.png in Resources */ = {isa = PBXBuildFile; fileRef = A9022E4A27C2395F00E01F1D /* 홈5.png */; };
		A9022E4D27C2395F00E01F1D /* 홈6.png in Resources */ = {isa = PBXBuildFile; fileRef = A9022E4B27C2395F00E01F1D /* 홈6.png */; };
		A9022E5527C29F2200E01F1D /* DongneTableViewModel.swift in Sources */ = {isa = PBXBuildFile; fileRef = A9022E5427C29F2200E01F1D /* DongneTableViewModel.swift */; };
		A9022E5727C29FB000E01F1D /* DongneViewController.swift in Sources */ = {isa = PBXBuildFile; fileRef = A9022E5627C29FB000E01F1D /* DongneViewController.swift */; };
		A931C9FC27C36D5600F100F5 /* MyPageViewController.swift in Sources */ = {isa = PBXBuildFile; fileRef = A931C9FB27C36D5600F100F5 /* MyPageViewController.swift */; };
		A931C9FF27C36DFE00F100F5 /* MyPageTableViewModel.swift in Sources */ = {isa = PBXBuildFile; fileRef = A931C9FE27C36DFE00F100F5 /* MyPageTableViewModel.swift */; };
		A9CF509E27C2A112003DB5DA /* DongneTableViewCell.swift in Sources */ = {isa = PBXBuildFile; fileRef = A9CF509C27C2A112003DB5DA /* DongneTableViewCell.swift */; };
		A9CF509F27C2A112003DB5DA /* DongneTableViewCell.xib in Resources */ = {isa = PBXBuildFile; fileRef = A9CF509D27C2A112003DB5DA /* DongneTableViewCell.xib */; };
		A9CF50A127C34E01003DB5DA /* ChatTableViewModel.swift in Sources */ = {isa = PBXBuildFile; fileRef = A9CF50A027C34E01003DB5DA /* ChatTableViewModel.swift */; };
		A9CF50A627C34FC7003DB5DA /* 채팅1.png in Resources */ = {isa = PBXBuildFile; fileRef = A9CF50A327C34FC7003DB5DA /* 채팅1.png */; };
		A9CF50AB27C351F7003DB5DA /* 채팅2.png in Resources */ = {isa = PBXBuildFile; fileRef = A9CF50AA27C351F7003DB5DA /* 채팅2.png */; };
		A9CF50AD27C35211003DB5DA /* 채팅기본.png in Resources */ = {isa = PBXBuildFile; fileRef = A9CF50AC27C35211003DB5DA /* 채팅기본.png */; };
		A9CF50B027C352CA003DB5DA /* ChatViewController.swift in Sources */ = {isa = PBXBuildFile; fileRef = A9CF50AF27C352CA003DB5DA /* ChatViewController.swift */; };
		A9CF50B527C357D2003DB5DA /* ChatTableViewCell.swift in Sources */ = {isa = PBXBuildFile; fileRef = A9CF50B327C357D2003DB5DA /* ChatTableViewCell.swift */; };
		A9CF50B627C357D2003DB5DA /* ChatTableViewCell.xib in Resources */ = {isa = PBXBuildFile; fileRef = A9CF50B427C357D2003DB5DA /* ChatTableViewCell.xib */; };
		A9FFCE7327C4BE9B00376360 /* MapViewController.swift in Sources */ = {isa = PBXBuildFile; fileRef = A9FFCE7227C4BE9B00376360 /* MapViewController.swift */; };
		A9FFCE7827C4E3D400376360 /* KeywordTableViewCell.swift in Sources */ = {isa = PBXBuildFile; fileRef = A9FFCE7627C4E3D400376360 /* KeywordTableViewCell.swift */; };
		A9FFCE7927C4E3D400376360 /* KeywordTableViewCell.xib in Resources */ = {isa = PBXBuildFile; fileRef = A9FFCE7727C4E3D400376360 /* KeywordTableViewCell.xib */; };
		A9FFCE7C27C4E5EF00376360 /* KeywordCollectionViewCell.swift in Sources */ = {isa = PBXBuildFile; fileRef = A9FFCE7A27C4E5EF00376360 /* KeywordCollectionViewCell.swift */; };
		A9FFCE7D27C4E5EF00376360 /* KeywordCollectionViewCell.xib in Resources */ = {isa = PBXBuildFile; fileRef = A9FFCE7B27C4E5EF00376360 /* KeywordCollectionViewCell.xib */; };
		A9FFCE8027C50E6200376360 /* MypageTableViewCell.swift in Sources */ = {isa = PBXBuildFile; fileRef = A9FFCE7E27C50E6200376360 /* MypageTableViewCell.swift */; };
		A9FFCE8127C50E6200376360 /* MypageTableViewCell.xib in Resources */ = {isa = PBXBuildFile; fileRef = A9FFCE7F27C50E6200376360 /* MypageTableViewCell.xib */; };
		A9FFCE8727C5DE0B00376360 /* pay.png in Resources */ = {isa = PBXBuildFile; fileRef = A9FFCE8627C5DE0B00376360 /* pay.png */; };
		A9FFCE8C27C5E63C00376360 /* profile.png in Resources */ = {isa = PBXBuildFile; fileRef = A9FFCE8827C5E63C00376360 /* profile.png */; };
		A9FFCE8D27C5E63C00376360 /* 판매내역.png in Resources */ = {isa = PBXBuildFile; fileRef = A9FFCE8927C5E63C00376360 /* 판매내역.png */; };
		A9FFCE8E27C5E63C00376360 /* 관심목록.png in Resources */ = {isa = PBXBuildFile; fileRef = A9FFCE8A27C5E63C00376360 /* 관심목록.png */; };
		A9FFCE8F27C5E63C00376360 /* 구매내역.png in Resources */ = {isa = PBXBuildFile; fileRef = A9FFCE8B27C5E63C00376360 /* 구매내역.png */; };
		A9FFCE9327C6189600376360 /* AddItemViewController.swift in Sources */ = {isa = PBXBuildFile; fileRef = A9FFCE9227C6189600376360 /* AddItemViewController.swift */; };
		A9FFCE9927C62DAB00376360 /* innie.png in Resources */ = {isa = PBXBuildFile; fileRef = A9FFCE9827C62DAB00376360 /* innie.png */; };
		A9FFCEA027C73EBB00376360 /* MapCollectionViewCell.swift in Sources */ = {isa = PBXBuildFile; fileRef = A9FFCE9E27C73EBB00376360 /* MapCollectionViewCell.swift */; };
		A9FFCEA127C73EBB00376360 /* MapCollectionViewCell.xib in Resources */ = {isa = PBXBuildFile; fileRef = A9FFCE9F27C73EBB00376360 /* MapCollectionViewCell.xib */; };
		A9FFCEA427C747B300376360 /* HeaderCollectionViewCell.swift in Sources */ = {isa = PBXBuildFile; fileRef = A9FFCEA227C747B300376360 /* HeaderCollectionViewCell.swift */; };
		A9FFCEA527C747B300376360 /* HeaderCollectionViewCell.xib in Resources */ = {isa = PBXBuildFile; fileRef = A9FFCEA327C747B300376360 /* HeaderCollectionViewCell.xib */; };
		A9FFCEAD27C74C7300376360 /* 당근미니.png in Resources */ = {isa = PBXBuildFile; fileRef = A9FFCEA627C74C7200376360 /* 당근미니.png */; };
		A9FFCEAE27C74C7300376360 /* 쿠폰북.png in Resources */ = {isa = PBXBuildFile; fileRef = A9FFCEA727C74C7200376360 /* 쿠폰북.png */; };
		A9FFCEAF27C74C7300376360 /* 중고차 직거래.png in Resources */ = {isa = PBXBuildFile; fileRef = A9FFCEA827C74C7200376360 /* 중고차 직거래.png */; };
		A9FFCEB027C74C7300376360 /* 농수산물.png in Resources */ = {isa = PBXBuildFile; fileRef = A9FFCEA927C74C7300376360 /* 농수산물.png */; };
		A9FFCEB127C74C7300376360 /* 과외 클래스.png in Resources */ = {isa = PBXBuildFile; fileRef = A9FFCEAA27C74C7300376360 /* 과외 클래스.png */; };
		A9FFCEB227C74C7300376360 /* 부동산.png in Resources */ = {isa = PBXBuildFile; fileRef = A9FFCEAB27C74C7300376360 /* 부동산.png */; };
		A9FFCEB327C74C7300376360 /* 알바.png in Resources */ = {isa = PBXBuildFile; fileRef = A9FFCEAC27C74C7300376360 /* 알바.png */; };
		A9FFCEBD27C7602200376360 /* 지도.png in Resources */ = {isa = PBXBuildFile; fileRef = A9FFCEB927C7602200376360 /* 지도.png */; };
		A9FFCEBE27C7602200376360 /* 음식1.png in Resources */ = {isa = PBXBuildFile; fileRef = A9FFCEBA27C7602200376360 /* 음식1.png */; };
		A9FFCEBF27C7602200376360 /* 음식3.png in Resources */ = {isa = PBXBuildFile; fileRef = A9FFCEBB27C7602200376360 /* 음식3.png */; };
		A9FFCEC027C7602200376360 /* 음식2.png in Resources */ = {isa = PBXBuildFile; fileRef = A9FFCEBC27C7602200376360 /* 음식2.png */; };
		A9FFCEC227C770FF00376360 /* FirstFoodViewController.swift in Sources */ = {isa = PBXBuildFile; fileRef = A9FFCEC127C770FF00376360 /* FirstFoodViewController.swift */; };
		A9FFCEC427C7710900376360 /* SecondFoodViewController.swift in Sources */ = {isa = PBXBuildFile; fileRef = A9FFCEC327C7710900376360 /* SecondFoodViewController.swift */; };
		A9FFCEC627C7776000376360 /* TabManViewController.swift in Sources */ = {isa = PBXBuildFile; fileRef = A9FFCEC527C7776000376360 /* TabManViewController.swift */; };
		A9FFCECA27C78DBC00376360 /* SnapKit in Frameworks */ = {isa = PBXBuildFile; productRef = A9FFCEC927C78DBC00376360 /* SnapKit */; };
		A9FFCECD27C78DD900376360 /* Tabman in Frameworks */ = {isa = PBXBuildFile; productRef = A9FFCECC27C78DD900376360 /* Tabman */; };
/* End PBXBuildFile section */

/* Begin PBXFileReference section */
		A9022E1627C1F8C400E01F1D /* DaangnMarket_clone.app */ = {isa = PBXFileReference; explicitFileType = wrapper.application; includeInIndex = 0; path = DaangnMarket_clone.app; sourceTree = BUILT_PRODUCTS_DIR; };
		A9022E1927C1F8C400E01F1D /* AppDelegate.swift */ = {isa = PBXFileReference; lastKnownFileType = sourcecode.swift; path = AppDelegate.swift; sourceTree = "<group>"; };
		A9022E1B27C1F8C400E01F1D /* SceneDelegate.swift */ = {isa = PBXFileReference; lastKnownFileType = sourcecode.swift; path = SceneDelegate.swift; sourceTree = "<group>"; };
		A9022E1D27C1F8C400E01F1D /* HomeViewController.swift */ = {isa = PBXFileReference; lastKnownFileType = sourcecode.swift; path = HomeViewController.swift; sourceTree = "<group>"; };
		A9022E2027C1F8C400E01F1D /* Base */ = {isa = PBXFileReference; lastKnownFileType = file.storyboard; name = Base; path = Base.lproj/Main.storyboard; sourceTree = "<group>"; };
		A9022E2227C1F8C400E01F1D /* Assets.xcassets */ = {isa = PBXFileReference; lastKnownFileType = folder.assetcatalog; path = Assets.xcassets; sourceTree = "<group>"; };
		A9022E2527C1F8C400E01F1D /* Base */ = {isa = PBXFileReference; lastKnownFileType = file.storyboard; name = Base; path = Base.lproj/LaunchScreen.storyboard; sourceTree = "<group>"; };
		A9022E2727C1F8C400E01F1D /* Info.plist */ = {isa = PBXFileReference; lastKnownFileType = text.plist.xml; path = Info.plist; sourceTree = "<group>"; };
		A9022E2D27C219A900E01F1D /* Setting.swift */ = {isa = PBXFileReference; lastKnownFileType = sourcecode.swift; path = Setting.swift; sourceTree = "<group>"; };
		A9022E2F27C222DB00E01F1D /* HomeTableViewModel.swift */ = {isa = PBXFileReference; lastKnownFileType = sourcecode.swift; path = HomeTableViewModel.swift; sourceTree = "<group>"; };
		A9022E3427C224F700E01F1D /* 홈2.png */ = {isa = PBXFileReference; lastKnownFileType = image.png; path = "홈2.png"; sourceTree = "<group>"; };
		A9022E3527C224F700E01F1D /* 홈3.png */ = {isa = PBXFileReference; lastKnownFileType = image.png; path = "홈3.png"; sourceTree = "<group>"; };
		A9022E3627C224F700E01F1D /* 홈4.png */ = {isa = PBXFileReference; lastKnownFileType = image.png; path = "홈4.png"; sourceTree = "<group>"; };
		A9022E3727C224F700E01F1D /* 홈1.png */ = {isa = PBXFileReference; lastKnownFileType = image.png; path = "홈1.png"; sourceTree = "<group>"; };
		A9022E4627C235D600E01F1D /* HomeTableViewCell.swift */ = {isa = PBXFileReference; lastKnownFileType = sourcecode.swift; path = HomeTableViewCell.swift; sourceTree = "<group>"; };
		A9022E4727C235D600E01F1D /* HomeTableViewCell.xib */ = {isa = PBXFileReference; lastKnownFileType = file.xib; path = HomeTableViewCell.xib; sourceTree = "<group>"; };
		A9022E4A27C2395F00E01F1D /* 홈5.png */ = {isa = PBXFileReference; lastKnownFileType = image.png; path = "홈5.png"; sourceTree = "<group>"; };
		A9022E4B27C2395F00E01F1D /* 홈6.png */ = {isa = PBXFileReference; lastKnownFileType = image.png; path = "홈6.png"; sourceTree = "<group>"; };
		A9022E5427C29F2200E01F1D /* DongneTableViewModel.swift */ = {isa = PBXFileReference; lastKnownFileType = sourcecode.swift; path = DongneTableViewModel.swift; sourceTree = "<group>"; };
		A9022E5627C29FB000E01F1D /* DongneViewController.swift */ = {isa = PBXFileReference; lastKnownFileType = sourcecode.swift; path = DongneViewController.swift; sourceTree = "<group>"; };
		A931C9FB27C36D5600F100F5 /* MyPageViewController.swift */ = {isa = PBXFileReference; lastKnownFileType = sourcecode.swift; path = MyPageViewController.swift; sourceTree = "<group>"; };
		A931C9FE27C36DFE00F100F5 /* MyPageTableViewModel.swift */ = {isa = PBXFileReference; lastKnownFileType = sourcecode.swift; path = MyPageTableViewModel.swift; sourceTree = "<group>"; };
		A9CF509C27C2A112003DB5DA /* DongneTableViewCell.swift */ = {isa = PBXFileReference; lastKnownFileType = sourcecode.swift; path = DongneTableViewCell.swift; sourceTree = "<group>"; };
		A9CF509D27C2A112003DB5DA /* DongneTableViewCell.xib */ = {isa = PBXFileReference; lastKnownFileType = file.xib; path = DongneTableViewCell.xib; sourceTree = "<group>"; };
		A9CF50A027C34E01003DB5DA /* ChatTableViewModel.swift */ = {isa = PBXFileReference; lastKnownFileType = sourcecode.swift; path = ChatTableViewModel.swift; sourceTree = "<group>"; };
		A9CF50A327C34FC7003DB5DA /* 채팅1.png */ = {isa = PBXFileReference; lastKnownFileType = image.png; path = "채팅1.png"; sourceTree = "<group>"; };
		A9CF50AA27C351F7003DB5DA /* 채팅2.png */ = {isa = PBXFileReference; lastKnownFileType = image.png; path = "채팅2.png"; sourceTree = "<group>"; };
		A9CF50AC27C35211003DB5DA /* 채팅기본.png */ = {isa = PBXFileReference; lastKnownFileType = image.png; path = "채팅기본.png"; sourceTree = "<group>"; };
		A9CF50AF27C352CA003DB5DA /* ChatViewController.swift */ = {isa = PBXFileReference; lastKnownFileType = sourcecode.swift; path = ChatViewController.swift; sourceTree = "<group>"; };
		A9CF50B327C357D2003DB5DA /* ChatTableViewCell.swift */ = {isa = PBXFileReference; lastKnownFileType = sourcecode.swift; path = ChatTableViewCell.swift; sourceTree = "<group>"; };
		A9CF50B427C357D2003DB5DA /* ChatTableViewCell.xib */ = {isa = PBXFileReference; lastKnownFileType = file.xib; path = ChatTableViewCell.xib; sourceTree = "<group>"; };
		A9FFCE7227C4BE9B00376360 /* MapViewController.swift */ = {isa = PBXFileReference; lastKnownFileType = sourcecode.swift; path = MapViewController.swift; sourceTree = "<group>"; };
		A9FFCE7627C4E3D400376360 /* KeywordTableViewCell.swift */ = {isa = PBXFileReference; lastKnownFileType = sourcecode.swift; path = KeywordTableViewCell.swift; sourceTree = "<group>"; };
		A9FFCE7727C4E3D400376360 /* KeywordTableViewCell.xib */ = {isa = PBXFileReference; lastKnownFileType = file.xib; path = KeywordTableViewCell.xib; sourceTree = "<group>"; };
		A9FFCE7A27C4E5EF00376360 /* KeywordCollectionViewCell.swift */ = {isa = PBXFileReference; lastKnownFileType = sourcecode.swift; path = KeywordCollectionViewCell.swift; sourceTree = "<group>"; };
		A9FFCE7B27C4E5EF00376360 /* KeywordCollectionViewCell.xib */ = {isa = PBXFileReference; lastKnownFileType = file.xib; path = KeywordCollectionViewCell.xib; sourceTree = "<group>"; };
		A9FFCE7E27C50E6200376360 /* MypageTableViewCell.swift */ = {isa = PBXFileReference; lastKnownFileType = sourcecode.swift; path = MypageTableViewCell.swift; sourceTree = "<group>"; };
		A9FFCE7F27C50E6200376360 /* MypageTableViewCell.xib */ = {isa = PBXFileReference; lastKnownFileType = file.xib; path = MypageTableViewCell.xib; sourceTree = "<group>"; };
		A9FFCE8627C5DE0B00376360 /* pay.png */ = {isa = PBXFileReference; lastKnownFileType = image.png; path = pay.png; sourceTree = "<group>"; };
		A9FFCE8827C5E63C00376360 /* profile.png */ = {isa = PBXFileReference; lastKnownFileType = image.png; path = profile.png; sourceTree = "<group>"; };
		A9FFCE8927C5E63C00376360 /* 판매내역.png */ = {isa = PBXFileReference; lastKnownFileType = image.png; path = "판매내역.png"; sourceTree = "<group>"; };
		A9FFCE8A27C5E63C00376360 /* 관심목록.png */ = {isa = PBXFileReference; lastKnownFileType = image.png; path = "관심목록.png"; sourceTree = "<group>"; };
		A9FFCE8B27C5E63C00376360 /* 구매내역.png */ = {isa = PBXFileReference; lastKnownFileType = image.png; path = "구매내역.png"; sourceTree = "<group>"; };
		A9FFCE9227C6189600376360 /* AddItemViewController.swift */ = {isa = PBXFileReference; lastKnownFileType = sourcecode.swift; path = AddItemViewController.swift; sourceTree = "<group>"; };
		A9FFCE9827C62DAB00376360 /* innie.png */ = {isa = PBXFileReference; lastKnownFileType = image.png; name = innie.png; path = ../../../../Downloads/innie.png; sourceTree = "<group>"; };
		A9FFCE9E27C73EBB00376360 /* MapCollectionViewCell.swift */ = {isa = PBXFileReference; lastKnownFileType = sourcecode.swift; path = MapCollectionViewCell.swift; sourceTree = "<group>"; };
		A9FFCE9F27C73EBB00376360 /* MapCollectionViewCell.xib */ = {isa = PBXFileReference; lastKnownFileType = file.xib; path = MapCollectionViewCell.xib; sourceTree = "<group>"; };
		A9FFCEA227C747B300376360 /* HeaderCollectionViewCell.swift */ = {isa = PBXFileReference; lastKnownFileType = sourcecode.swift; path = HeaderCollectionViewCell.swift; sourceTree = "<group>"; };
		A9FFCEA327C747B300376360 /* HeaderCollectionViewCell.xib */ = {isa = PBXFileReference; lastKnownFileType = file.xib; path = HeaderCollectionViewCell.xib; sourceTree = "<group>"; };
		A9FFCEA627C74C7200376360 /* 당근미니.png */ = {isa = PBXFileReference; lastKnownFileType = image.png; path = "당근미니.png"; sourceTree = "<group>"; };
		A9FFCEA727C74C7200376360 /* 쿠폰북.png */ = {isa = PBXFileReference; lastKnownFileType = image.png; path = "쿠폰북.png"; sourceTree = "<group>"; };
		A9FFCEA827C74C7200376360 /* 중고차 직거래.png */ = {isa = PBXFileReference; lastKnownFileType = image.png; path = "중고차 직거래.png"; sourceTree = "<group>"; };
		A9FFCEA927C74C7300376360 /* 농수산물.png */ = {isa = PBXFileReference; lastKnownFileType = image.png; path = "농수산물.png"; sourceTree = "<group>"; };
		A9FFCEAA27C74C7300376360 /* 과외 클래스.png */ = {isa = PBXFileReference; lastKnownFileType = image.png; path = "과외 클래스.png"; sourceTree = "<group>"; };
		A9FFCEAB27C74C7300376360 /* 부동산.png */ = {isa = PBXFileReference; lastKnownFileType = image.png; path = "부동산.png"; sourceTree = "<group>"; };
		A9FFCEAC27C74C7300376360 /* 알바.png */ = {isa = PBXFileReference; lastKnownFileType = image.png; path = "알바.png"; sourceTree = "<group>"; };
		A9FFCEB927C7602200376360 /* 지도.png */ = {isa = PBXFileReference; lastKnownFileType = image.png; path = "지도.png"; sourceTree = "<group>"; };
		A9FFCEBA27C7602200376360 /* 음식1.png */ = {isa = PBXFileReference; lastKnownFileType = image.png; path = "음식1.png"; sourceTree = "<group>"; };
		A9FFCEBB27C7602200376360 /* 음식3.png */ = {isa = PBXFileReference; lastKnownFileType = image.png; path = "음식3.png"; sourceTree = "<group>"; };
		A9FFCEBC27C7602200376360 /* 음식2.png */ = {isa = PBXFileReference; lastKnownFileType = image.png; path = "음식2.png"; sourceTree = "<group>"; };
		A9FFCEC127C770FF00376360 /* FirstFoodViewController.swift */ = {isa = PBXFileReference; lastKnownFileType = sourcecode.swift; path = FirstFoodViewController.swift; sourceTree = "<group>"; };
		A9FFCEC327C7710900376360 /* SecondFoodViewController.swift */ = {isa = PBXFileReference; lastKnownFileType = sourcecode.swift; path = SecondFoodViewController.swift; sourceTree = "<group>"; };
		A9FFCEC527C7776000376360 /* TabManViewController.swift */ = {isa = PBXFileReference; lastKnownFileType = sourcecode.swift; path = TabManViewController.swift; sourceTree = "<group>"; };
/* End PBXFileReference section */

/* Begin PBXFrameworksBuildPhase section */
		A9022E1327C1F8C400E01F1D /* Frameworks */ = {
			isa = PBXFrameworksBuildPhase;
			buildActionMask = 2147483647;
			files = (
				A9FFCECA27C78DBC00376360 /* SnapKit in Frameworks */,
				A9FFCECD27C78DD900376360 /* Tabman in Frameworks */,
			);
			runOnlyForDeploymentPostprocessing = 0;
		};
/* End PBXFrameworksBuildPhase section */

/* Begin PBXGroup section */
		A9022E0D27C1F8C400E01F1D = {
			isa = PBXGroup;
			children = (
				A9022E1827C1F8C400E01F1D /* DaangnMarket_clone */,
				A9022E1727C1F8C400E01F1D /* Products */,
			);
			sourceTree = "<group>";
		};
		A9022E1727C1F8C400E01F1D /* Products */ = {
			isa = PBXGroup;
			children = (
				A9022E1627C1F8C400E01F1D /* DaangnMarket_clone.app */,
			);
			name = Products;
			sourceTree = "<group>";
		};
		A9022E1827C1F8C400E01F1D /* DaangnMarket_clone */ = {
			isa = PBXGroup;
			children = (
				A9022E1927C1F8C400E01F1D /* AppDelegate.swift */,
				A9022E1B27C1F8C400E01F1D /* SceneDelegate.swift */,
				A9022E1F27C1F8C400E01F1D /* Main.storyboard */,
				A9FFCEC527C7776000376360 /* TabManViewController.swift */,
				A9022E3127C222E800E01F1D /* Entity */,
				A9022E3227C222FA00E01F1D /* TableViewModel */,
				A9022E4E27C23EB900E01F1D /* Home */,
				A9022E4F27C23EC500E01F1D /* Dongne */,
				A9FFCE7127C4BE8400376360 /* Map */,
				A9CF50AE27C35260003DB5DA /* Chat */,
				A931C9FD27C36D5C00F100F5 /* MyPage */,
				A9022E3327C224C300E01F1D /* png */,
				A9022E2227C1F8C400E01F1D /* Assets.xcassets */,
				A9022E2427C1F8C400E01F1D /* LaunchScreen.storyboard */,
				A9022E2727C1F8C400E01F1D /* Info.plist */,
			);
			path = DaangnMarket_clone;
			sourceTree = "<group>";
		};
		A9022E3127C222E800E01F1D /* Entity */ = {
			isa = PBXGroup;
			children = (
				A9022E2D27C219A900E01F1D /* Setting.swift */,
			);
			path = Entity;
			sourceTree = "<group>";
		};
		A9022E3227C222FA00E01F1D /* TableViewModel */ = {
			isa = PBXGroup;
			children = (
				A9022E2F27C222DB00E01F1D /* HomeTableViewModel.swift */,
				A9022E5427C29F2200E01F1D /* DongneTableViewModel.swift */,
				A9CF50A027C34E01003DB5DA /* ChatTableViewModel.swift */,
				A931C9FE27C36DFE00F100F5 /* MyPageTableViewModel.swift */,
			);
			path = TableViewModel;
			sourceTree = "<group>";
		};
		A9022E3327C224C300E01F1D /* png */ = {
			isa = PBXGroup;
			children = (
				A9FFCEBA27C7602200376360 /* 음식1.png */,
				A9FFCEBC27C7602200376360 /* 음식2.png */,
				A9FFCEBB27C7602200376360 /* 음식3.png */,
				A9FFCEB927C7602200376360 /* 지도.png */,
				A9FFCEAA27C74C7300376360 /* 과외 클래스.png */,
				A9FFCEA927C74C7300376360 /* 농수산물.png */,
				A9FFCEA627C74C7200376360 /* 당근미니.png */,
				A9FFCEAB27C74C7300376360 /* 부동산.png */,
				A9FFCEAC27C74C7300376360 /* 알바.png */,
				A9FFCEA827C74C7200376360 /* 중고차 직거래.png */,
				A9FFCEA727C74C7200376360 /* 쿠폰북.png */,
				A9FFCE9827C62DAB00376360 /* innie.png */,
				A9FFCE8A27C5E63C00376360 /* 관심목록.png */,
				A9FFCE8B27C5E63C00376360 /* 구매내역.png */,
				A9FFCE8927C5E63C00376360 /* 판매내역.png */,
				A9FFCE8827C5E63C00376360 /* profile.png */,
				A9FFCE8627C5DE0B00376360 /* pay.png */,
				A9CF50AC27C35211003DB5DA /* 채팅기본.png */,
				A9CF50A327C34FC7003DB5DA /* 채팅1.png */,
				A9CF50AA27C351F7003DB5DA /* 채팅2.png */,
				A9022E3727C224F700E01F1D /* 홈1.png */,
				A9022E3427C224F700E01F1D /* 홈2.png */,
				A9022E3527C224F700E01F1D /* 홈3.png */,
				A9022E3627C224F700E01F1D /* 홈4.png */,
				A9022E4A27C2395F00E01F1D /* 홈5.png */,
				A9022E4B27C2395F00E01F1D /* 홈6.png */,
			);
			path = png;
			sourceTree = "<group>";
		};
		A9022E4E27C23EB900E01F1D /* Home */ = {
			isa = PBXGroup;
			children = (
				A9022E1D27C1F8C400E01F1D /* HomeViewController.swift */,
				A9022E4627C235D600E01F1D /* HomeTableViewCell.swift */,
				A9022E4727C235D600E01F1D /* HomeTableViewCell.xib */,
				A9FFCE9227C6189600376360 /* AddItemViewController.swift */,
			);
			path = Home;
			sourceTree = "<group>";
		};
		A9022E4F27C23EC500E01F1D /* Dongne */ = {
			isa = PBXGroup;
			children = (
				A9022E5627C29FB000E01F1D /* DongneViewController.swift */,
				A9FFCE7627C4E3D400376360 /* KeywordTableViewCell.swift */,
				A9FFCE7727C4E3D400376360 /* KeywordTableViewCell.xib */,
				A9FFCE7A27C4E5EF00376360 /* KeywordCollectionViewCell.swift */,
				A9FFCE7B27C4E5EF00376360 /* KeywordCollectionViewCell.xib */,
				A9CF509C27C2A112003DB5DA /* DongneTableViewCell.swift */,
				A9CF509D27C2A112003DB5DA /* DongneTableViewCell.xib */,
			);
			path = Dongne;
			sourceTree = "<group>";
		};
		A931C9FD27C36D5C00F100F5 /* MyPage */ = {
			isa = PBXGroup;
			children = (
				A931C9FB27C36D5600F100F5 /* MyPageViewController.swift */,
				A9FFCE7E27C50E6200376360 /* MypageTableViewCell.swift */,
				A9FFCE7F27C50E6200376360 /* MypageTableViewCell.xib */,
			);
			path = MyPage;
			sourceTree = "<group>";
		};
		A9CF50AE27C35260003DB5DA /* Chat */ = {
			isa = PBXGroup;
			children = (
				A9CF50AF27C352CA003DB5DA /* ChatViewController.swift */,
				A9CF50B327C357D2003DB5DA /* ChatTableViewCell.swift */,
				A9CF50B427C357D2003DB5DA /* ChatTableViewCell.xib */,
			);
			path = Chat;
			sourceTree = "<group>";
		};
		A9FFCE7127C4BE8400376360 /* Map */ = {
			isa = PBXGroup;
			children = (
				A9FFCEB427C74CCA00376360 /* View1 */,
				A9FFCEB827C75D8000376360 /* View2 */,
				A9FFCEC127C770FF00376360 /* FirstFoodViewController.swift */,
				A9FFCEC327C7710900376360 /* SecondFoodViewController.swift */,
			);
			path = Map;
			sourceTree = "<group>";
		};
		A9FFCEB427C74CCA00376360 /* View1 */ = {
			isa = PBXGroup;
			children = (
				A9FFCE7227C4BE9B00376360 /* MapViewController.swift */,
				A9FFCEA227C747B300376360 /* HeaderCollectionViewCell.swift */,
				A9FFCEA327C747B300376360 /* HeaderCollectionViewCell.xib */,
				A9FFCE9E27C73EBB00376360 /* MapCollectionViewCell.swift */,
				A9FFCE9F27C73EBB00376360 /* MapCollectionViewCell.xib */,
			);
			path = View1;
			sourceTree = "<group>";
		};
		A9FFCEB827C75D8000376360 /* View2 */ = {
			isa = PBXGroup;
			children = (
			);
			path = View2;
			sourceTree = "<group>";
		};
/* End PBXGroup section */

/* Begin PBXNativeTarget section */
		A9022E1527C1F8C400E01F1D /* DaangnMarket_clone */ = {
			isa = PBXNativeTarget;
			buildConfigurationList = A9022E2A27C1F8C400E01F1D /* Build configuration list for PBXNativeTarget "DaangnMarket_clone" */;
			buildPhases = (
				A9022E1227C1F8C400E01F1D /* Sources */,
				A9022E1327C1F8C400E01F1D /* Frameworks */,
				A9022E1427C1F8C400E01F1D /* Resources */,
			);
			buildRules = (
			);
			dependencies = (
			);
			name = DaangnMarket_clone;
			packageProductDependencies = (
				A9FFCEC927C78DBC00376360 /* SnapKit */,
				A9FFCECC27C78DD900376360 /* Tabman */,
			);
			productName = DaangnMarket_clone;
			productReference = A9022E1627C1F8C400E01F1D /* DaangnMarket_clone.app */;
			productType = "com.apple.product-type.application";
		};
/* End PBXNativeTarget section */

/* Begin PBXProject section */
		A9022E0E27C1F8C400E01F1D /* Project object */ = {
			isa = PBXProject;
			attributes = {
				BuildIndependentTargetsInParallel = 1;
				LastSwiftUpdateCheck = 1320;
				LastUpgradeCheck = 1320;
				TargetAttributes = {
					A9022E1527C1F8C400E01F1D = {
						CreatedOnToolsVersion = 13.2.1;
					};
				};
			};
			buildConfigurationList = A9022E1127C1F8C400E01F1D /* Build configuration list for PBXProject "DaangnMarket_clone" */;
			compatibilityVersion = "Xcode 13.0";
			developmentRegion = en;
			hasScannedForEncodings = 0;
			knownRegions = (
				en,
				Base,
			);
			mainGroup = A9022E0D27C1F8C400E01F1D;
			packageReferences = (
				A9FFCEC827C78DBC00376360 /* XCRemoteSwiftPackageReference "SnapKit" */,
				A9FFCECB27C78DD900376360 /* XCRemoteSwiftPackageReference "Tabman" */,
			);
			productRefGroup = A9022E1727C1F8C400E01F1D /* Products */;
			projectDirPath = "";
			projectRoot = "";
			targets = (
				A9022E1527C1F8C400E01F1D /* DaangnMarket_clone */,
			);
		};
/* End PBXProject section */

/* Begin PBXResourcesBuildPhase section */
		A9022E1427C1F8C400E01F1D /* Resources */ = {
			isa = PBXResourcesBuildPhase;
			buildActionMask = 2147483647;
			files = (
				A9FFCE8D27C5E63C00376360 /* 판매내역.png in Resources */,
				A9CF50A627C34FC7003DB5DA /* 채팅1.png in Resources */,
				A9FFCEA127C73EBB00376360 /* MapCollectionViewCell.xib in Resources */,
				A9FFCEB327C74C7300376360 /* 알바.png in Resources */,
				A9FFCE7927C4E3D400376360 /* KeywordTableViewCell.xib in Resources */,
				A9022E2627C1F8C400E01F1D /* LaunchScreen.storyboard in Resources */,
				A9FFCE8C27C5E63C00376360 /* profile.png in Resources */,
				A9FFCE8F27C5E63C00376360 /* 구매내역.png in Resources */,
				A9FFCEBF27C7602200376360 /* 음식3.png in Resources */,
				A9FFCEBE27C7602200376360 /* 음식1.png in Resources */,
				A9FFCE8727C5DE0B00376360 /* pay.png in Resources */,
				A9022E3B27C224F700E01F1D /* 홈1.png in Resources */,
				A9022E4927C235D600E01F1D /* HomeTableViewCell.xib in Resources */,
				A9FFCEAD27C74C7300376360 /* 당근미니.png in Resources */,
				A9FFCE7D27C4E5EF00376360 /* KeywordCollectionViewCell.xib in Resources */,
				A9FFCEC027C7602200376360 /* 음식2.png in Resources */,
				A9FFCE8127C50E6200376360 /* MypageTableViewCell.xib in Resources */,
				A9022E2327C1F8C400E01F1D /* Assets.xcassets in Resources */,
				A9FFCEB127C74C7300376360 /* 과외 클래스.png in Resources */,
				A9FFCEAE27C74C7300376360 /* 쿠폰북.png in Resources */,
				A9022E2127C1F8C400E01F1D /* Main.storyboard in Resources */,
				A9FFCEB227C74C7300376360 /* 부동산.png in Resources */,
				A9FFCEB027C74C7300376360 /* 농수산물.png in Resources */,
				A9022E3827C224F700E01F1D /* 홈2.png in Resources */,
				A9CF50B627C357D2003DB5DA /* ChatTableViewCell.xib in Resources */,
				A9CF50AB27C351F7003DB5DA /* 채팅2.png in Resources */,
				A9CF50AD27C35211003DB5DA /* 채팅기본.png in Resources */,
				A9022E3927C224F700E01F1D /* 홈3.png in Resources */,
				A9022E3A27C224F700E01F1D /* 홈4.png in Resources */,
				A9CF509F27C2A112003DB5DA /* DongneTableViewCell.xib in Resources */,
				A9022E4C27C2395F00E01F1D /* 홈5.png in Resources */,
				A9FFCE8E27C5E63C00376360 /* 관심목록.png in Resources */,
				A9022E4D27C2395F00E01F1D /* 홈6.png in Resources */,
				A9FFCE9927C62DAB00376360 /* innie.png in Resources */,
				A9FFCEAF27C74C7300376360 /* 중고차 직거래.png in Resources */,
				A9FFCEBD27C7602200376360 /* 지도.png in Resources */,
				A9FFCEA527C747B300376360 /* HeaderCollectionViewCell.xib in Resources */,
			);
			runOnlyForDeploymentPostprocessing = 0;
		};
/* End PBXResourcesBuildPhase section */

/* Begin PBXSourcesBuildPhase section */
		A9022E1227C1F8C400E01F1D /* Sources */ = {
			isa = PBXSourcesBuildPhase;
			buildActionMask = 2147483647;
			files = (
				A9022E4827C235D600E01F1D /* HomeTableViewCell.swift in Sources */,
				A9022E1E27C1F8C400E01F1D /* HomeViewController.swift in Sources */,
				A9FFCE8027C50E6200376360 /* MypageTableViewCell.swift in Sources */,
				A9FFCEA427C747B300376360 /* HeaderCollectionViewCell.swift in Sources */,
				A931C9FF27C36DFE00F100F5 /* MyPageTableViewModel.swift in Sources */,
				A9CF50B027C352CA003DB5DA /* ChatViewController.swift in Sources */,
				A9FFCE7C27C4E5EF00376360 /* KeywordCollectionViewCell.swift in Sources */,
				A9022E3027C222DB00E01F1D /* HomeTableViewModel.swift in Sources */,
				A9CF50A127C34E01003DB5DA /* ChatTableViewModel.swift in Sources */,
				A9022E5527C29F2200E01F1D /* DongneTableViewModel.swift in Sources */,
				A9022E1A27C1F8C400E01F1D /* AppDelegate.swift in Sources */,
				A931C9FC27C36D5600F100F5 /* MyPageViewController.swift in Sources */,
				A9CF509E27C2A112003DB5DA /* DongneTableViewCell.swift in Sources */,
				A9022E2E27C219A900E01F1D /* Setting.swift in Sources */,
				A9CF50B527C357D2003DB5DA /* ChatTableViewCell.swift in Sources */,
				A9FFCEC427C7710900376360 /* SecondFoodViewController.swift in Sources */,
				A9FFCE9327C6189600376360 /* AddItemViewController.swift in Sources */,
				A9FFCEA027C73EBB00376360 /* MapCollectionViewCell.swift in Sources */,
				A9FFCEC627C7776000376360 /* TabManViewController.swift in Sources */,
				A9022E1C27C1F8C400E01F1D /* SceneDelegate.swift in Sources */,
				A9FFCE7827C4E3D400376360 /* KeywordTableViewCell.swift in Sources */,
				A9FFCE7327C4BE9B00376360 /* MapViewController.swift in Sources */,
				A9022E5727C29FB000E01F1D /* DongneViewController.swift in Sources */,
				A9FFCEC227C770FF00376360 /* FirstFoodViewController.swift in Sources */,
			);
			runOnlyForDeploymentPostprocessing = 0;
		};
/* End PBXSourcesBuildPhase section */

/* Begin PBXVariantGroup section */
		A9022E1F27C1F8C400E01F1D /* Main.storyboard */ = {
			isa = PBXVariantGroup;
			children = (
				A9022E2027C1F8C400E01F1D /* Base */,
			);
			name = Main.storyboard;
			sourceTree = "<group>";
		};
		A9022E2427C1F8C400E01F1D /* LaunchScreen.storyboard */ = {
			isa = PBXVariantGroup;
			children = (
				A9022E2527C1F8C400E01F1D /* Base */,
			);
			name = LaunchScreen.storyboard;
			sourceTree = "<group>";
		};
/* End PBXVariantGroup section */

/* Begin XCBuildConfiguration section */
		A9022E2827C1F8C400E01F1D /* Debug */ = {
			isa = XCBuildConfiguration;
			buildSettings = {
				ALWAYS_SEARCH_USER_PATHS = NO;
				CLANG_ANALYZER_NONNULL = YES;
				CLANG_ANALYZER_NUMBER_OBJECT_CONVERSION = YES_AGGRESSIVE;
				CLANG_CXX_LANGUAGE_STANDARD = "gnu++17";
				CLANG_CXX_LIBRARY = "libc++";
				CLANG_ENABLE_MODULES = YES;
				CLANG_ENABLE_OBJC_ARC = YES;
				CLANG_ENABLE_OBJC_WEAK = YES;
				CLANG_WARN_BLOCK_CAPTURE_AUTORELEASING = YES;
				CLANG_WARN_BOOL_CONVERSION = YES;
				CLANG_WARN_COMMA = YES;
				CLANG_WARN_CONSTANT_CONVERSION = YES;
				CLANG_WARN_DEPRECATED_OBJC_IMPLEMENTATIONS = YES;
				CLANG_WARN_DIRECT_OBJC_ISA_USAGE = YES_ERROR;
				CLANG_WARN_DOCUMENTATION_COMMENTS = YES;
				CLANG_WARN_EMPTY_BODY = YES;
				CLANG_WARN_ENUM_CONVERSION = YES;
				CLANG_WARN_INFINITE_RECURSION = YES;
				CLANG_WARN_INT_CONVERSION = YES;
				CLANG_WARN_NON_LITERAL_NULL_CONVERSION = YES;
				CLANG_WARN_OBJC_IMPLICIT_RETAIN_SELF = YES;
				CLANG_WARN_OBJC_LITERAL_CONVERSION = YES;
				CLANG_WARN_OBJC_ROOT_CLASS = YES_ERROR;
				CLANG_WARN_QUOTED_INCLUDE_IN_FRAMEWORK_HEADER = YES;
				CLANG_WARN_RANGE_LOOP_ANALYSIS = YES;
				CLANG_WARN_STRICT_PROTOTYPES = YES;
				CLANG_WARN_SUSPICIOUS_MOVE = YES;
				CLANG_WARN_UNGUARDED_AVAILABILITY = YES_AGGRESSIVE;
				CLANG_WARN_UNREACHABLE_CODE = YES;
				CLANG_WARN__DUPLICATE_METHOD_MATCH = YES;
				COPY_PHASE_STRIP = NO;
				DEBUG_INFORMATION_FORMAT = dwarf;
				ENABLE_STRICT_OBJC_MSGSEND = YES;
				ENABLE_TESTABILITY = YES;
				GCC_C_LANGUAGE_STANDARD = gnu11;
				GCC_DYNAMIC_NO_PIC = NO;
				GCC_NO_COMMON_BLOCKS = YES;
				GCC_OPTIMIZATION_LEVEL = 0;
				GCC_PREPROCESSOR_DEFINITIONS = (
					"DEBUG=1",
					"$(inherited)",
				);
				GCC_WARN_64_TO_32_BIT_CONVERSION = YES;
				GCC_WARN_ABOUT_RETURN_TYPE = YES_ERROR;
				GCC_WARN_UNDECLARED_SELECTOR = YES;
				GCC_WARN_UNINITIALIZED_AUTOS = YES_AGGRESSIVE;
				GCC_WARN_UNUSED_FUNCTION = YES;
				GCC_WARN_UNUSED_VARIABLE = YES;
				IPHONEOS_DEPLOYMENT_TARGET = 15.2;
				MTL_ENABLE_DEBUG_INFO = INCLUDE_SOURCE;
				MTL_FAST_MATH = YES;
				ONLY_ACTIVE_ARCH = YES;
				SDKROOT = iphoneos;
				SWIFT_ACTIVE_COMPILATION_CONDITIONS = DEBUG;
				SWIFT_OPTIMIZATION_LEVEL = "-Onone";
			};
			name = Debug;
		};
		A9022E2927C1F8C400E01F1D /* Release */ = {
			isa = XCBuildConfiguration;
			buildSettings = {
				ALWAYS_SEARCH_USER_PATHS = NO;
				CLANG_ANALYZER_NONNULL = YES;
				CLANG_ANALYZER_NUMBER_OBJECT_CONVERSION = YES_AGGRESSIVE;
				CLANG_CXX_LANGUAGE_STANDARD = "gnu++17";
				CLANG_CXX_LIBRARY = "libc++";
				CLANG_ENABLE_MODULES = YES;
				CLANG_ENABLE_OBJC_ARC = YES;
				CLANG_ENABLE_OBJC_WEAK = YES;
				CLANG_WARN_BLOCK_CAPTURE_AUTORELEASING = YES;
				CLANG_WARN_BOOL_CONVERSION = YES;
				CLANG_WARN_COMMA = YES;
				CLANG_WARN_CONSTANT_CONVERSION = YES;
				CLANG_WARN_DEPRECATED_OBJC_IMPLEMENTATIONS = YES;
				CLANG_WARN_DIRECT_OBJC_ISA_USAGE = YES_ERROR;
				CLANG_WARN_DOCUMENTATION_COMMENTS = YES;
				CLANG_WARN_EMPTY_BODY = YES;
				CLANG_WARN_ENUM_CONVERSION = YES;
				CLANG_WARN_INFINITE_RECURSION = YES;
				CLANG_WARN_INT_CONVERSION = YES;
				CLANG_WARN_NON_LITERAL_NULL_CONVERSION = YES;
				CLANG_WARN_OBJC_IMPLICIT_RETAIN_SELF = YES;
				CLANG_WARN_OBJC_LITERAL_CONVERSION = YES;
				CLANG_WARN_OBJC_ROOT_CLASS = YES_ERROR;
				CLANG_WARN_QUOTED_INCLUDE_IN_FRAMEWORK_HEADER = YES;
				CLANG_WARN_RANGE_LOOP_ANALYSIS = YES;
				CLANG_WARN_STRICT_PROTOTYPES = YES;
				CLANG_WARN_SUSPICIOUS_MOVE = YES;
				CLANG_WARN_UNGUARDED_AVAILABILITY = YES_AGGRESSIVE;
				CLANG_WARN_UNREACHABLE_CODE = YES;
				CLANG_WARN__DUPLICATE_METHOD_MATCH = YES;
				COPY_PHASE_STRIP = NO;
				DEBUG_INFORMATION_FORMAT = "dwarf-with-dsym";
				ENABLE_NS_ASSERTIONS = NO;
				ENABLE_STRICT_OBJC_MSGSEND = YES;
				GCC_C_LANGUAGE_STANDARD = gnu11;
				GCC_NO_COMMON_BLOCKS = YES;
				GCC_WARN_64_TO_32_BIT_CONVERSION = YES;
				GCC_WARN_ABOUT_RETURN_TYPE = YES_ERROR;
				GCC_WARN_UNDECLARED_SELECTOR = YES;
				GCC_WARN_UNINITIALIZED_AUTOS = YES_AGGRESSIVE;
				GCC_WARN_UNUSED_FUNCTION = YES;
				GCC_WARN_UNUSED_VARIABLE = YES;
				IPHONEOS_DEPLOYMENT_TARGET = 15.2;
				MTL_ENABLE_DEBUG_INFO = NO;
				MTL_FAST_MATH = YES;
				ONLY_ACTIVE_ARCH = YES;
				SDKROOT = iphoneos;
				SWIFT_COMPILATION_MODE = wholemodule;
				SWIFT_OPTIMIZATION_LEVEL = "-O";
				VALIDATE_PRODUCT = YES;
			};
			name = Release;
		};
		A9022E2B27C1F8C400E01F1D /* Debug */ = {
			isa = XCBuildConfiguration;
			buildSettings = {
				ASSETCATALOG_COMPILER_APPICON_NAME = AppIcon;
				ASSETCATALOG_COMPILER_GLOBAL_ACCENT_COLOR_NAME = AccentColor;
				CODE_SIGN_STYLE = Automatic;
				CURRENT_PROJECT_VERSION = 1;
				GENERATE_INFOPLIST_FILE = YES;
				INFOPLIST_FILE = DaangnMarket_clone/Info.plist;
				INFOPLIST_KEY_UIApplicationSupportsIndirectInputEvents = YES;
				INFOPLIST_KEY_UILaunchStoryboardName = LaunchScreen;
				INFOPLIST_KEY_UIMainStoryboardFile = Main;
				INFOPLIST_KEY_UISupportedInterfaceOrientations_iPad = "UIInterfaceOrientationPortrait UIInterfaceOrientationPortraitUpsideDown UIInterfaceOrientationLandscapeLeft UIInterfaceOrientationLandscapeRight";
				INFOPLIST_KEY_UISupportedInterfaceOrientations_iPhone = "UIInterfaceOrientationPortrait UIInterfaceOrientationLandscapeLeft UIInterfaceOrientationLandscapeRight";
				LD_RUNPATH_SEARCH_PATHS = (
					"$(inherited)",
					"@executable_path/Frameworks",
				);
				MARKETING_VERSION = 1.0;
				PRODUCT_BUNDLE_IDENTIFIER = "com.0inn.DaangnMarket-clone";
				PRODUCT_NAME = "$(TARGET_NAME)";
				SWIFT_EMIT_LOC_STRINGS = YES;
				SWIFT_VERSION = 5.0;
				TARGETED_DEVICE_FAMILY = "1,2";
			};
			name = Debug;
		};
		A9022E2C27C1F8C400E01F1D /* Release */ = {
			isa = XCBuildConfiguration;
			buildSettings = {
				ASSETCATALOG_COMPILER_APPICON_NAME = AppIcon;
				ASSETCATALOG_COMPILER_GLOBAL_ACCENT_COLOR_NAME = AccentColor;
				CODE_SIGN_STYLE = Automatic;
				CURRENT_PROJECT_VERSION = 1;
				GENERATE_INFOPLIST_FILE = YES;
				INFOPLIST_FILE = DaangnMarket_clone/Info.plist;
				INFOPLIST_KEY_UIApplicationSupportsIndirectInputEvents = YES;
				INFOPLIST_KEY_UILaunchStoryboardName = LaunchScreen;
				INFOPLIST_KEY_UIMainStoryboardFile = Main;
				INFOPLIST_KEY_UISupportedInterfaceOrientations_iPad = "UIInterfaceOrientationPortrait UIInterfaceOrientationPortraitUpsideDown UIInterfaceOrientationLandscapeLeft UIInterfaceOrientationLandscapeRight";
				INFOPLIST_KEY_UISupportedInterfaceOrientations_iPhone = "UIInterfaceOrientationPortrait UIInterfaceOrientationLandscapeLeft UIInterfaceOrientationLandscapeRight";
				LD_RUNPATH_SEARCH_PATHS = (
					"$(inherited)",
					"@executable_path/Frameworks",
				);
				MARKETING_VERSION = 1.0;
				PRODUCT_BUNDLE_IDENTIFIER = "com.0inn.DaangnMarket-clone";
				PRODUCT_NAME = "$(TARGET_NAME)";
				SWIFT_EMIT_LOC_STRINGS = YES;
				SWIFT_VERSION = 5.0;
				TARGETED_DEVICE_FAMILY = "1,2";
			};
			name = Release;
		};
/* End XCBuildConfiguration section */

/* Begin XCConfigurationList section */
		A9022E1127C1F8C400E01F1D /* Build configuration list for PBXProject "DaangnMarket_clone" */ = {
			isa = XCConfigurationList;
			buildConfigurations = (
				A9022E2827C1F8C400E01F1D /* Debug */,
				A9022E2927C1F8C400E01F1D /* Release */,
			);
			defaultConfigurationIsVisible = 0;
			defaultConfigurationName = Release;
		};
		A9022E2A27C1F8C400E01F1D /* Build configuration list for PBXNativeTarget "DaangnMarket_clone" */ = {
			isa = XCConfigurationList;
			buildConfigurations = (
				A9022E2B27C1F8C400E01F1D /* Debug */,
				A9022E2C27C1F8C400E01F1D /* Release */,
			);
			defaultConfigurationIsVisible = 0;
			defaultConfigurationName = Release;
		};
/* End XCConfigurationList section */

/* Begin XCRemoteSwiftPackageReference section */
		A9FFCEC827C78DBC00376360 /* XCRemoteSwiftPackageReference "SnapKit" */ = {
			isa = XCRemoteSwiftPackageReference;
			repositoryURL = "https://github.com/SnapKit/SnapKit.git";
			requirement = {
				branch = develop;
				kind = branch;
			};
		};
		A9FFCECB27C78DD900376360 /* XCRemoteSwiftPackageReference "Tabman" */ = {
			isa = XCRemoteSwiftPackageReference;
			repositoryURL = "https://github.com/uias/Tabman.git";
			requirement = {
				kind = upToNextMajorVersion;
				minimumVersion = 2.0.0;
			};
		};
/* End XCRemoteSwiftPackageReference section */

/* Begin XCSwiftPackageProductDependency section */
		A9FFCEC927C78DBC00376360 /* SnapKit */ = {
			isa = XCSwiftPackageProductDependency;
			package = A9FFCEC827C78DBC00376360 /* XCRemoteSwiftPackageReference "SnapKit" */;
			productName = SnapKit;
		};
		A9FFCECC27C78DD900376360 /* Tabman */ = {
			isa = XCSwiftPackageProductDependency;
			package = A9FFCECB27C78DD900376360 /* XCRemoteSwiftPackageReference "Tabman" */;
			productName = Tabman;
		};
/* End XCSwiftPackageProductDependency section */
	};
	rootObject = A9022E0E27C1F8C400E01F1D /* Project object */;
}
